
Microsoft Visual Studio Solution File, Format Version 12.00
# Visual Studio 2015
Project("{FAE04EC0-301F-11D3-BF4B-00C04F79EFBC}") = "HagertyAR_1.0.CSharp", "HagertyAR_1.0.CSharp.csproj", "{2CBD9D54-4E8C-27A0-864A-EBB57F090318}"
EndProject
Project("{FAE04EC0-301F-11D3-BF4B-00C04F79EFBC}") = "HagertyAR_1.0.CSharp.Editor", "HagertyAR_1.0.CSharp.Editor.csproj", "{54E67BE7-9563-2AD1-0FEF-89671A21F57D}"
EndProject
Global
	GlobalSection(SolutionConfigurationPlatforms) = preSolution
		Debug|Any CPU = Debug|Any CPU
		Release|Any CPU = Release|Any CPU
	EndGlobalSection
	GlobalSection(ProjectConfigurationPlatforms) = postSolution
		{2CBD9D54-4E8C-27A0-864A-EBB57F090318}.Debug|Any CPU.ActiveCfg = Debug|Any CPU
		{2CBD9D54-4E8C-27A0-864A-EBB57F090318}.Debug|Any CPU.Build.0 = Debug|Any CPU
		{2CBD9D54-4E8C-27A0-864A-EBB57F090318}.Release|Any CPU.ActiveCfg = Release|Any CPU
		{2CBD9D54-4E8C-27A0-864A-EBB57F090318}.Release|Any CPU.Build.0 = Release|Any CPU
		{54E67BE7-9563-2AD1-0FEF-89671A21F57D}.Debug|Any CPU.ActiveCfg = Debug|Any CPU
		{54E67BE7-9563-2AD1-0FEF-89671A21F57D}.Debug|Any CPU.Build.0 = Debug|Any CPU
		{54E67BE7-9563-2AD1-0FEF-89671A21F57D}.Release|Any CPU.ActiveCfg = Release|Any CPU
		{54E67BE7-9563-2AD1-0FEF-89671A21F57D}.Release|Any CPU.Build.0 = Release|Any CPU
	EndGlobalSection
	GlobalSection(SolutionProperties) = preSolution
		HideSolutionNode = FALSE
	EndGlobalSection
EndGlobal
