
Microsoft Visual Studio Solution File, Format Version 12.00
# Visual Studio 2015
Project("{FAE04EC0-301F-11D3-BF4B-00C04F79EFBC}") = "iOSTest.CSharp", "iOSTest.CSharp.csproj", "{10D28478-08AB-47DC-23F7-868355CB4DE9}"
EndProject
Project("{FAE04EC0-301F-11D3-BF4B-00C04F79EFBC}") = "iOSTest.CSharp.Editor", "iOSTest.CSharp.Editor.csproj", "{4067E881-EDAF-1BDD-5596-EADB1460AD75}"
EndProject
Global
	GlobalSection(SolutionConfigurationPlatforms) = preSolution
		Debug|Any CPU = Debug|Any CPU
		Release|Any CPU = Release|Any CPU
	EndGlobalSection
	GlobalSection(ProjectConfigurationPlatforms) = postSolution
		{10D28478-08AB-47DC-23F7-868355CB4DE9}.Debug|Any CPU.ActiveCfg = Debug|Any CPU
		{10D28478-08AB-47DC-23F7-868355CB4DE9}.Debug|Any CPU.Build.0 = Debug|Any CPU
		{10D28478-08AB-47DC-23F7-868355CB4DE9}.Release|Any CPU.ActiveCfg = Release|Any CPU
		{10D28478-08AB-47DC-23F7-868355CB4DE9}.Release|Any CPU.Build.0 = Release|Any CPU
		{4067E881-EDAF-1BDD-5596-EADB1460AD75}.Debug|Any CPU.ActiveCfg = Debug|Any CPU
		{4067E881-EDAF-1BDD-5596-EADB1460AD75}.Debug|Any CPU.Build.0 = Debug|Any CPU
		{4067E881-EDAF-1BDD-5596-EADB1460AD75}.Release|Any CPU.ActiveCfg = Release|Any CPU
		{4067E881-EDAF-1BDD-5596-EADB1460AD75}.Release|Any CPU.Build.0 = Release|Any CPU
	EndGlobalSection
	GlobalSection(SolutionProperties) = preSolution
		HideSolutionNode = FALSE
	EndGlobalSection
EndGlobal
