
Microsoft Visual Studio Solution File, Format Version 12.00
# Visual Studio 2015
Project("{FAE04EC0-301F-11D3-BF4B-00C04F79EFBC}") = "HagertyAR_1.0", "HagertyAR_1.0.csproj", "{EAA6406B-6383-3A08-156F-BADD2211D2BA}"
EndProject
Project("{FAE04EC0-301F-11D3-BF4B-00C04F79EFBC}") = "HagertyAR_1.0.Editor", "HagertyAR_1.0.Editor.csproj", "{71C89172-7582-083C-21D6-569ADD3669D1}"
EndProject
Global
	GlobalSection(SolutionConfigurationPlatforms) = preSolution
		Debug|Any CPU = Debug|Any CPU
		Release|Any CPU = Release|Any CPU
	EndGlobalSection
	GlobalSection(ProjectConfigurationPlatforms) = postSolution
		{EAA6406B-6383-3A08-156F-BADD2211D2BA}.Debug|Any CPU.ActiveCfg = Debug|Any CPU
		{EAA6406B-6383-3A08-156F-BADD2211D2BA}.Debug|Any CPU.Build.0 = Debug|Any CPU
		{EAA6406B-6383-3A08-156F-BADD2211D2BA}.Release|Any CPU.ActiveCfg = Release|Any CPU
		{EAA6406B-6383-3A08-156F-BADD2211D2BA}.Release|Any CPU.Build.0 = Release|Any CPU
		{71C89172-7582-083C-21D6-569ADD3669D1}.Debug|Any CPU.ActiveCfg = Debug|Any CPU
		{71C89172-7582-083C-21D6-569ADD3669D1}.Debug|Any CPU.Build.0 = Debug|Any CPU
		{71C89172-7582-083C-21D6-569ADD3669D1}.Release|Any CPU.ActiveCfg = Release|Any CPU
		{71C89172-7582-083C-21D6-569ADD3669D1}.Release|Any CPU.Build.0 = Release|Any CPU
	EndGlobalSection
	GlobalSection(SolutionProperties) = preSolution
		HideSolutionNode = FALSE
	EndGlobalSection
EndGlobal
